
Microsoft Visual Studio Solution File, Format Version 12.00
# Visual Studio Version 17
VisualStudioVersion = 17.14.36221.1
MinimumVisualStudioVersion = 10.0.40219.1
Project("{FAE04EC0-301F-11D3-BF4B-00C04F79EFBC}") = "NumberBetween1and100", "CSharpBasics\NumberBetween1and100.csproj", "{0177CDBD-44DE-4ACF-B432-6A37FCAF890F}"
EndProject
Project("{FAE04EC0-301F-11D3-BF4B-00C04F79EFBC}") = "EnterOKtoExit", "EnterOKtoExit\EnterOKtoExit.csproj", "{571B8747-E40B-4C81-9E92-FFAA76459F27}"
EndProject
Project("{FAE04EC0-301F-11D3-BF4B-00C04F79EFBC}") = "Compute the factorial", "Compute the factorial\Compute the factorial.csproj", "{18BF0989-3975-4FFF-BA78-87444197E9C6}"
EndProject
Project("{FAE04EC0-301F-11D3-BF4B-00C04F79EFBC}") = "GuessTheNumber", "GuessTheNumber\GuessTheNumber.csproj", "{41BC58AE-36B8-4D5A-AC8E-407C6A7BC9D3}"
EndProject
Project("{FAE04EC0-301F-11D3-BF4B-00C04F79EFBC}") = "MaxOfNumbers", "MaxOfNumbers\MaxOfNumbers.csproj", "{0D637C9C-A5CF-45DD-9267-D285FD0CE262}"
EndProject
Project("{FAE04EC0-301F-11D3-BF4B-00C04F79EFBC}") = "FacebookNameDisplay", "FacebookNameDisplay\FacebookNameDisplay.csproj", "{ED613233-4587-4892-8821-010999BBF6B6}"
EndProject
Project("{FAE04EC0-301F-11D3-BF4B-00C04F79EFBC}") = "ReversedName", "ReversedName\ReversedName.csproj", "{63FA2D8F-3652-4F4B-8D75-5659576A30FA}"
EndProject
Project("{FAE04EC0-301F-11D3-BF4B-00C04F79EFBC}") = "Retry5UniqueNumbers", "Retry5UniqueNumbers\Retry5UniqueNumbers.csproj", "{6DCAFEE7-6C68-411F-A2ED-25169BC820F0}"
EndProject
Project("{FAE04EC0-301F-11D3-BF4B-00C04F79EFBC}") = "DisplayUniqueNumbers", "DisplayUniqueNumbers\DisplayUniqueNumbers.csproj", "{996F6D31-E96C-412C-9BD9-BB6377FE6A1C}"
EndProject
Project("{FAE04EC0-301F-11D3-BF4B-00C04F79EFBC}") = "NumberBetween1and100.UI", "NumberBetween1and100.UI\NumberBetween1and100.UI.csproj", "{F2C096DD-9EBD-4665-A44E-48C8B1894DD5}"
EndProject
Project("{FAE04EC0-301F-11D3-BF4B-00C04F79EFBC}") = "FacebookNameDisplay.UI", "FacebookNameDisplay.UI\FacebookNameDisplay.UI.csproj", "{2D8B3283-BC60-4EC8-A88C-E7E59E0228E8}"
EndProject
Global
	GlobalSection(SolutionConfigurationPlatforms) = preSolution
		Debug|Any CPU = Debug|Any CPU
		Release|Any CPU = Release|Any CPU
	EndGlobalSection
	GlobalSection(ProjectConfigurationPlatforms) = postSolution
		{0177CDBD-44DE-4ACF-B432-6A37FCAF890F}.Debug|Any CPU.ActiveCfg = Debug|Any CPU
		{0177CDBD-44DE-4ACF-B432-6A37FCAF890F}.Debug|Any CPU.Build.0 = Debug|Any CPU
		{0177CDBD-44DE-4ACF-B432-6A37FCAF890F}.Release|Any CPU.ActiveCfg = Release|Any CPU
		{0177CDBD-44DE-4ACF-B432-6A37FCAF890F}.Release|Any CPU.Build.0 = Release|Any CPU
		{571B8747-E40B-4C81-9E92-FFAA76459F27}.Debug|Any CPU.ActiveCfg = Debug|Any CPU
		{571B8747-E40B-4C81-9E92-FFAA76459F27}.Debug|Any CPU.Build.0 = Debug|Any CPU
		{571B8747-E40B-4C81-9E92-FFAA76459F27}.Release|Any CPU.ActiveCfg = Release|Any CPU
		{571B8747-E40B-4C81-9E92-FFAA76459F27}.Release|Any CPU.Build.0 = Release|Any CPU
		{18BF0989-3975-4FFF-BA78-87444197E9C6}.Debug|Any CPU.ActiveCfg = Debug|Any CPU
		{18BF0989-3975-4FFF-BA78-87444197E9C6}.Debug|Any CPU.Build.0 = Debug|Any CPU
		{18BF0989-3975-4FFF-BA78-87444197E9C6}.Release|Any CPU.ActiveCfg = Release|Any CPU
		{18BF0989-3975-4FFF-BA78-87444197E9C6}.Release|Any CPU.Build.0 = Release|Any CPU
		{41BC58AE-36B8-4D5A-AC8E-407C6A7BC9D3}.Debug|Any CPU.ActiveCfg = Debug|Any CPU
		{41BC58AE-36B8-4D5A-AC8E-407C6A7BC9D3}.Debug|Any CPU.Build.0 = Debug|Any CPU
		{41BC58AE-36B8-4D5A-AC8E-407C6A7BC9D3}.Release|Any CPU.ActiveCfg = Release|Any CPU
		{41BC58AE-36B8-4D5A-AC8E-407C6A7BC9D3}.Release|Any CPU.Build.0 = Release|Any CPU
		{0D637C9C-A5CF-45DD-9267-D285FD0CE262}.Debug|Any CPU.ActiveCfg = Debug|Any CPU
		{0D637C9C-A5CF-45DD-9267-D285FD0CE262}.Debug|Any CPU.Build.0 = Debug|Any CPU
		{0D637C9C-A5CF-45DD-9267-D285FD0CE262}.Release|Any CPU.ActiveCfg = Release|Any CPU
		{0D637C9C-A5CF-45DD-9267-D285FD0CE262}.Release|Any CPU.Build.0 = Release|Any CPU
		{ED613233-4587-4892-8821-010999BBF6B6}.Debug|Any CPU.ActiveCfg = Debug|Any CPU
		{ED613233-4587-4892-8821-010999BBF6B6}.Debug|Any CPU.Build.0 = Debug|Any CPU
		{ED613233-4587-4892-8821-010999BBF6B6}.Release|Any CPU.ActiveCfg = Release|Any CPU
		{ED613233-4587-4892-8821-010999BBF6B6}.Release|Any CPU.Build.0 = Release|Any CPU
		{63FA2D8F-3652-4F4B-8D75-5659576A30FA}.Debug|Any CPU.ActiveCfg = Debug|Any CPU
		{63FA2D8F-3652-4F4B-8D75-5659576A30FA}.Debug|Any CPU.Build.0 = Debug|Any CPU
		{63FA2D8F-3652-4F4B-8D75-5659576A30FA}.Release|Any CPU.ActiveCfg = Release|Any CPU
		{63FA2D8F-3652-4F4B-8D75-5659576A30FA}.Release|Any CPU.Build.0 = Release|Any CPU
		{6DCAFEE7-6C68-411F-A2ED-25169BC820F0}.Debug|Any CPU.ActiveCfg = Debug|Any CPU
		{6DCAFEE7-6C68-411F-A2ED-25169BC820F0}.Debug|Any CPU.Build.0 = Debug|Any CPU
		{6DCAFEE7-6C68-411F-A2ED-25169BC820F0}.Release|Any CPU.ActiveCfg = Release|Any CPU
		{6DCAFEE7-6C68-411F-A2ED-25169BC820F0}.Release|Any CPU.Build.0 = Release|Any CPU
		{996F6D31-E96C-412C-9BD9-BB6377FE6A1C}.Debug|Any CPU.ActiveCfg = Debug|Any CPU
		{996F6D31-E96C-412C-9BD9-BB6377FE6A1C}.Debug|Any CPU.Build.0 = Debug|Any CPU
		{996F6D31-E96C-412C-9BD9-BB6377FE6A1C}.Release|Any CPU.ActiveCfg = Release|Any CPU
		{996F6D31-E96C-412C-9BD9-BB6377FE6A1C}.Release|Any CPU.Build.0 = Release|Any CPU
                {F2C096DD-9EBD-4665-A44E-48C8B1894DD5}.Debug|Any CPU.ActiveCfg = Debug|Any CPU
                {F2C096DD-9EBD-4665-A44E-48C8B1894DD5}.Debug|Any CPU.Build.0 = Debug|Any CPU
                {F2C096DD-9EBD-4665-A44E-48C8B1894DD5}.Release|Any CPU.ActiveCfg = Release|Any CPU
                {F2C096DD-9EBD-4665-A44E-48C8B1894DD5}.Release|Any CPU.Build.0 = Release|Any CPU
                {2D8B3283-BC60-4EC8-A88C-E7E59E0228E8}.Debug|Any CPU.ActiveCfg = Debug|Any CPU
                {2D8B3283-BC60-4EC8-A88C-E7E59E0228E8}.Debug|Any CPU.Build.0 = Debug|Any CPU
                {2D8B3283-BC60-4EC8-A88C-E7E59E0228E8}.Release|Any CPU.ActiveCfg = Release|Any CPU
                {2D8B3283-BC60-4EC8-A88C-E7E59E0228E8}.Release|Any CPU.Build.0 = Release|Any CPU
	EndGlobalSection
	GlobalSection(SolutionProperties) = preSolution
		HideSolutionNode = FALSE
	EndGlobalSection
	GlobalSection(ExtensibilityGlobals) = postSolution
		SolutionGuid = {F6E175D4-9672-495F-9FE0-1D065886DEDD}
	EndGlobalSection
EndGlobal
